// !$*UTF8*$!
{
	archiveVersion = 1;
	classes = {
	};
	objectVersion = 56;
	objects = {

/* Begin PBXBuildFile section */
		04275A9729D1128300880EE6 /* GoogleService-Info.plist in Resources */ = {isa = PBXBuildFile; fileRef = 04275A9629D1128300880EE6 /* GoogleService-Info.plist */; };
		04275A9A29D1143D00880EE6 /* FirebaseAnalyticsSwift in Frameworks */ = {isa = PBXBuildFile; productRef = 04275A9929D1143D00880EE6 /* FirebaseAnalyticsSwift */; };
		04275A9C29D1143D00880EE6 /* FirebaseAuth in Frameworks */ = {isa = PBXBuildFile; productRef = 04275A9B29D1143D00880EE6 /* FirebaseAuth */; };
		04275A9E29D1143D00880EE6 /* FirebaseFirestore in Frameworks */ = {isa = PBXBuildFile; productRef = 04275A9D29D1143D00880EE6 /* FirebaseFirestore */; };
		04275AA029D1143D00880EE6 /* FirebaseFirestoreSwift in Frameworks */ = {isa = PBXBuildFile; productRef = 04275A9F29D1143D00880EE6 /* FirebaseFirestoreSwift */; };
		04275AA229D1143D00880EE6 /* FirebaseFunctions in Frameworks */ = {isa = PBXBuildFile; productRef = 04275AA129D1143D00880EE6 /* FirebaseFunctions */; };
		04275AA429D1143D00880EE6 /* FirebaseStorage in Frameworks */ = {isa = PBXBuildFile; productRef = 04275AA329D1143D00880EE6 /* FirebaseStorage */; };
		046814FD29D24C5C00457E1E /* FireStoreManager.swift in Sources */ = {isa = PBXBuildFile; fileRef = 046814FC29D24C5C00457E1E /* FireStoreManager.swift */; };
		047975B129A58F0300DA9AB6 /* MarsExplorerApp.swift in Sources */ = {isa = PBXBuildFile; fileRef = 047975B029A58F0300DA9AB6 /* MarsExplorerApp.swift */; };
		047975B329A58F0300DA9AB6 /* FavouritePhotosView.swift in Sources */ = {isa = PBXBuildFile; fileRef = 047975B229A58F0300DA9AB6 /* FavouritePhotosView.swift */; };
		047975B529A58F0300DA9AB6 /* Assets.xcassets in Resources */ = {isa = PBXBuildFile; fileRef = 047975B429A58F0300DA9AB6 /* Assets.xcassets */; };
		047975B829A58F0300DA9AB6 /* Preview Assets.xcassets in Resources */ = {isa = PBXBuildFile; fileRef = 047975B729A58F0300DA9AB6 /* Preview Assets.xcassets */; };
		047975BA29A58F0300DA9AB6 /* Persistence.swift in Sources */ = {isa = PBXBuildFile; fileRef = 047975B929A58F0300DA9AB6 /* Persistence.swift */; };
		047975BD29A58F0300DA9AB6 /* MarsExplorer.xcdatamodeld in Sources */ = {isa = PBXBuildFile; fileRef = 047975BB29A58F0300DA9AB6 /* MarsExplorer.xcdatamodeld */; };
		047975C729A58F0400DA9AB6 /* MarsExplorerTests.swift in Sources */ = {isa = PBXBuildFile; fileRef = 047975C629A58F0400DA9AB6 /* MarsExplorerTests.swift */; };
		047975D129A58F0400DA9AB6 /* MarsExplorerUITests.swift in Sources */ = {isa = PBXBuildFile; fileRef = 047975D029A58F0400DA9AB6 /* MarsExplorerUITests.swift */; };
		047975D329A58F0400DA9AB6 /* MarsExplorerUITestsLaunchTests.swift in Sources */ = {isa = PBXBuildFile; fileRef = 047975D229A58F0400DA9AB6 /* MarsExplorerUITestsLaunchTests.swift */; };
		047975E029A5D61B00DA9AB6 /* PhotosResponse.swift in Sources */ = {isa = PBXBuildFile; fileRef = 047975DF29A5D61B00DA9AB6 /* PhotosResponse.swift */; };
		047975E229A5D8D200DA9AB6 /* MarsImagesView.swift in Sources */ = {isa = PBXBuildFile; fileRef = 047975E129A5D8D200DA9AB6 /* MarsImagesView.swift */; };
		047975E429A5D94A00DA9AB6 /* ImageInspectorView.swift in Sources */ = {isa = PBXBuildFile; fileRef = 047975E329A5D94A00DA9AB6 /* ImageInspectorView.swift */; };
		04A05DC029A802B00000FA71 /* APIManager.swift in Sources */ = {isa = PBXBuildFile; fileRef = 04A05DBF29A802B00000FA71 /* APIManager.swift */; };
		04F513EA29B1888200AE0EFD /* LoginView.swift in Sources */ = {isa = PBXBuildFile; fileRef = 04F513E929B1888200AE0EFD /* LoginView.swift */; };
		04F513EC29B188CC00AE0EFD /* AuthenticationViewModel.swift in Sources */ = {isa = PBXBuildFile; fileRef = 04F513EB29B188CC00AE0EFD /* AuthenticationViewModel.swift */; };
		04F513EE29B188F400AE0EFD /* SignupView.swift in Sources */ = {isa = PBXBuildFile; fileRef = 04F513ED29B188F400AE0EFD /* SignupView.swift */; };
		04F513F029B1891B00AE0EFD /* AuthenticatedView.swift in Sources */ = {isa = PBXBuildFile; fileRef = 04F513EF29B1891B00AE0EFD /* AuthenticatedView.swift */; };
		04F513F229B189D100AE0EFD /* AuthenticationView.swift in Sources */ = {isa = PBXBuildFile; fileRef = 04F513F129B189D100AE0EFD /* AuthenticationView.swift */; };
		04F513F429B189E800AE0EFD /* UserProfileView.swift in Sources */ = {isa = PBXBuildFile; fileRef = 04F513F329B189E800AE0EFD /* UserProfileView.swift */; };
/* End PBXBuildFile section */

/* Begin PBXContainerItemProxy section */
		047975C329A58F0400DA9AB6 /* PBXContainerItemProxy */ = {
			isa = PBXContainerItemProxy;
			containerPortal = 047975A529A58F0300DA9AB6 /* Project object */;
			proxyType = 1;
			remoteGlobalIDString = 047975AC29A58F0300DA9AB6;
			remoteInfo = MarsExplorer;
		};
		047975CD29A58F0400DA9AB6 /* PBXContainerItemProxy */ = {
			isa = PBXContainerItemProxy;
			containerPortal = 047975A529A58F0300DA9AB6 /* Project object */;
			proxyType = 1;
			remoteGlobalIDString = 047975AC29A58F0300DA9AB6;
			remoteInfo = MarsExplorer;
		};
/* End PBXContainerItemProxy section */

/* Begin PBXFileReference section */
		04275A9629D1128300880EE6 /* GoogleService-Info.plist */ = {isa = PBXFileReference; fileEncoding = 4; lastKnownFileType = text.plist.xml; path = "GoogleService-Info.plist"; sourceTree = "<group>"; };
		046814FC29D24C5C00457E1E /* FireStoreManager.swift */ = {isa = PBXFileReference; lastKnownFileType = sourcecode.swift; name = FireStoreManager.swift; path = MarsExplorer/Services/FireStoreManager.swift; sourceTree = SOURCE_ROOT; };
		047975AD29A58F0300DA9AB6 /* MarsExplorer.app */ = {isa = PBXFileReference; explicitFileType = wrapper.application; includeInIndex = 0; path = MarsExplorer.app; sourceTree = BUILT_PRODUCTS_DIR; };
		047975B029A58F0300DA9AB6 /* MarsExplorerApp.swift */ = {isa = PBXFileReference; lastKnownFileType = sourcecode.swift; path = MarsExplorerApp.swift; sourceTree = "<group>"; };
		047975B229A58F0300DA9AB6 /* FavouritePhotosView.swift */ = {isa = PBXFileReference; lastKnownFileType = sourcecode.swift; path = FavouritePhotosView.swift; sourceTree = "<group>"; };
		047975B429A58F0300DA9AB6 /* Assets.xcassets */ = {isa = PBXFileReference; lastKnownFileType = folder.assetcatalog; path = Assets.xcassets; sourceTree = "<group>"; };
		047975B729A58F0300DA9AB6 /* Preview Assets.xcassets */ = {isa = PBXFileReference; lastKnownFileType = folder.assetcatalog; path = "Preview Assets.xcassets"; sourceTree = "<group>"; };
		047975B929A58F0300DA9AB6 /* Persistence.swift */ = {isa = PBXFileReference; lastKnownFileType = sourcecode.swift; path = Persistence.swift; sourceTree = "<group>"; };
		047975BC29A58F0300DA9AB6 /* MarsExplorer.xcdatamodel */ = {isa = PBXFileReference; lastKnownFileType = wrapper.xcdatamodel; path = MarsExplorer.xcdatamodel; sourceTree = "<group>"; };
		047975C229A58F0400DA9AB6 /* MarsExplorerTests.xctest */ = {isa = PBXFileReference; explicitFileType = wrapper.cfbundle; includeInIndex = 0; path = MarsExplorerTests.xctest; sourceTree = BUILT_PRODUCTS_DIR; };
		047975C629A58F0400DA9AB6 /* MarsExplorerTests.swift */ = {isa = PBXFileReference; lastKnownFileType = sourcecode.swift; path = MarsExplorerTests.swift; sourceTree = "<group>"; };
		047975CC29A58F0400DA9AB6 /* MarsExplorerUITests.xctest */ = {isa = PBXFileReference; explicitFileType = wrapper.cfbundle; includeInIndex = 0; path = MarsExplorerUITests.xctest; sourceTree = BUILT_PRODUCTS_DIR; };
		047975D029A58F0400DA9AB6 /* MarsExplorerUITests.swift */ = {isa = PBXFileReference; lastKnownFileType = sourcecode.swift; path = MarsExplorerUITests.swift; sourceTree = "<group>"; };
		047975D229A58F0400DA9AB6 /* MarsExplorerUITestsLaunchTests.swift */ = {isa = PBXFileReference; lastKnownFileType = sourcecode.swift; path = MarsExplorerUITestsLaunchTests.swift; sourceTree = "<group>"; };
		047975DF29A5D61B00DA9AB6 /* PhotosResponse.swift */ = {isa = PBXFileReference; fileEncoding = 4; lastKnownFileType = sourcecode.swift; path = PhotosResponse.swift; sourceTree = "<group>"; };
		047975E129A5D8D200DA9AB6 /* MarsImagesView.swift */ = {isa = PBXFileReference; lastKnownFileType = sourcecode.swift; path = MarsImagesView.swift; sourceTree = "<group>"; };
		047975E329A5D94A00DA9AB6 /* ImageInspectorView.swift */ = {isa = PBXFileReference; lastKnownFileType = sourcecode.swift; path = ImageInspectorView.swift; sourceTree = "<group>"; };
		04A05DBF29A802B00000FA71 /* APIManager.swift */ = {isa = PBXFileReference; lastKnownFileType = sourcecode.swift; path = APIManager.swift; sourceTree = "<group>"; };
		04A05DC129A822110000FA71 /* Info.plist */ = {isa = PBXFileReference; lastKnownFileType = text.plist; path = Info.plist; sourceTree = "<group>"; };
		04F513E929B1888200AE0EFD /* LoginView.swift */ = {isa = PBXFileReference; lastKnownFileType = sourcecode.swift; path = LoginView.swift; sourceTree = "<group>"; };
		04F513EB29B188CC00AE0EFD /* AuthenticationViewModel.swift */ = {isa = PBXFileReference; lastKnownFileType = sourcecode.swift; path = AuthenticationViewModel.swift; sourceTree = "<group>"; };
		04F513ED29B188F400AE0EFD /* SignupView.swift */ = {isa = PBXFileReference; lastKnownFileType = sourcecode.swift; path = SignupView.swift; sourceTree = "<group>"; };
		04F513EF29B1891B00AE0EFD /* AuthenticatedView.swift */ = {isa = PBXFileReference; lastKnownFileType = sourcecode.swift; path = AuthenticatedView.swift; sourceTree = "<group>"; };
		04F513F129B189D100AE0EFD /* AuthenticationView.swift */ = {isa = PBXFileReference; lastKnownFileType = sourcecode.swift; path = AuthenticationView.swift; sourceTree = "<group>"; };
		04F513F329B189E800AE0EFD /* UserProfileView.swift */ = {isa = PBXFileReference; lastKnownFileType = sourcecode.swift; path = UserProfileView.swift; sourceTree = "<group>"; };
/* End PBXFileReference section */

/* Begin PBXFrameworksBuildPhase section */
		047975AA29A58F0300DA9AB6 /* Frameworks */ = {
			isa = PBXFrameworksBuildPhase;
			buildActionMask = 2147483647;
			files = (
				04275A9A29D1143D00880EE6 /* FirebaseAnalyticsSwift in Frameworks */,
				04275A9C29D1143D00880EE6 /* FirebaseAuth in Frameworks */,
				04275AA229D1143D00880EE6 /* FirebaseFunctions in Frameworks */,
				04275A9E29D1143D00880EE6 /* FirebaseFirestore in Frameworks */,
				04275AA029D1143D00880EE6 /* FirebaseFirestoreSwift in Frameworks */,
				04275AA429D1143D00880EE6 /* FirebaseStorage in Frameworks */,
			);
			runOnlyForDeploymentPostprocessing = 0;
		};
		047975BF29A58F0400DA9AB6 /* Frameworks */ = {
			isa = PBXFrameworksBuildPhase;
			buildActionMask = 2147483647;
			files = (
			);
			runOnlyForDeploymentPostprocessing = 0;
		};
		047975C929A58F0400DA9AB6 /* Frameworks */ = {
			isa = PBXFrameworksBuildPhase;
			buildActionMask = 2147483647;
			files = (
			);
			runOnlyForDeploymentPostprocessing = 0;
		};
/* End PBXFrameworksBuildPhase section */

/* Begin PBXGroup section */
		047975A429A58F0300DA9AB6 = {
			isa = PBXGroup;
			children = (
				047975AF29A58F0300DA9AB6 /* MarsExplorer */,
				047975C529A58F0400DA9AB6 /* MarsExplorerTests */,
				047975CF29A58F0400DA9AB6 /* MarsExplorerUITests */,
				047975AE29A58F0300DA9AB6 /* Products */,
			);
			sourceTree = "<group>";
		};
		047975AE29A58F0300DA9AB6 /* Products */ = {
			isa = PBXGroup;
			children = (
				047975AD29A58F0300DA9AB6 /* MarsExplorer.app */,
				047975C229A58F0400DA9AB6 /* MarsExplorerTests.xctest */,
				047975CC29A58F0400DA9AB6 /* MarsExplorerUITests.xctest */,
			);
			name = Products;
			sourceTree = "<group>";
		};
		047975AF29A58F0300DA9AB6 /* MarsExplorer */ = {
			isa = PBXGroup;
			children = (
				04F513E829B185C700AE0EFD /* Auth */,
				04A05DC129A822110000FA71 /* Info.plist */,
				04FA558829A8706B00A038A6 /* Views */,
				047975E729A6DDA000DA9AB6 /* Services */,
				047975B029A58F0300DA9AB6 /* MarsExplorerApp.swift */,
				04FA558929A8709600A038A6 /* Models */,
				047975B429A58F0300DA9AB6 /* Assets.xcassets */,
				04275A9629D1128300880EE6 /* GoogleService-Info.plist */,
				047975BB29A58F0300DA9AB6 /* MarsExplorer.xcdatamodeld */,
				047975B629A58F0300DA9AB6 /* Preview Content */,
			);
			path = MarsExplorer;
			sourceTree = "<group>";
		};
		047975B629A58F0300DA9AB6 /* Preview Content */ = {
			isa = PBXGroup;
			children = (
				047975B729A58F0300DA9AB6 /* Preview Assets.xcassets */,
			);
			path = "Preview Content";
			sourceTree = "<group>";
		};
		047975C529A58F0400DA9AB6 /* MarsExplorerTests */ = {
			isa = PBXGroup;
			children = (
				047975C629A58F0400DA9AB6 /* MarsExplorerTests.swift */,
			);
			path = MarsExplorerTests;
			sourceTree = "<group>";
		};
		047975CF29A58F0400DA9AB6 /* MarsExplorerUITests */ = {
			isa = PBXGroup;
			children = (
				047975D029A58F0400DA9AB6 /* MarsExplorerUITests.swift */,
				047975D229A58F0400DA9AB6 /* MarsExplorerUITestsLaunchTests.swift */,
			);
			path = MarsExplorerUITests;
			sourceTree = "<group>";
		};
		047975E729A6DDA000DA9AB6 /* Services */ = {
			isa = PBXGroup;
			children = (
				047975B929A58F0300DA9AB6 /* Persistence.swift */,
				04A05DBF29A802B00000FA71 /* APIManager.swift */,
			);
			path = Services;
			sourceTree = "<group>";
		};
		04F513E829B185C700AE0EFD /* Auth */ = {
			isa = PBXGroup;
			children = (
				04F513E929B1888200AE0EFD /* LoginView.swift */,
				04F513F129B189D100AE0EFD /* AuthenticationView.swift */,
				04F513EF29B1891B00AE0EFD /* AuthenticatedView.swift */,
				04F513EB29B188CC00AE0EFD /* AuthenticationViewModel.swift */,
				04F513ED29B188F400AE0EFD /* SignupView.swift */,
				04F513F329B189E800AE0EFD /* UserProfileView.swift */,
			);
			path = Auth;
			sourceTree = "<group>";
		};
		04FA558829A8706B00A038A6 /* Views */ = {
			isa = PBXGroup;
			children = (
				047975B229A58F0300DA9AB6 /* FavouritePhotosView.swift */,
				046814FC29D24C5C00457E1E /* FireStoreManager.swift */,
				047975E329A5D94A00DA9AB6 /* ImageInspectorView.swift */,
				047975E129A5D8D200DA9AB6 /* MarsImagesView.swift */,
			);
			path = Views;
			sourceTree = "<group>";
		};
		04FA558929A8709600A038A6 /* Models */ = {
			isa = PBXGroup;
			children = (
				047975DF29A5D61B00DA9AB6 /* PhotosResponse.swift */,
			);
			path = Models;
			sourceTree = "<group>";
		};
/* End PBXGroup section */

/* Begin PBXNativeTarget section */
		047975AC29A58F0300DA9AB6 /* MarsExplorer */ = {
			isa = PBXNativeTarget;
			buildConfigurationList = 047975D629A58F0400DA9AB6 /* Build configuration list for PBXNativeTarget "MarsExplorer" */;
			buildPhases = (
				047975A929A58F0300DA9AB6 /* Sources */,
				047975AA29A58F0300DA9AB6 /* Frameworks */,
				047975AB29A58F0300DA9AB6 /* Resources */,
			);
			buildRules = (
			);
			dependencies = (
			);
			name = MarsExplorer;
			packageProductDependencies = (
				04275A9929D1143D00880EE6 /* FirebaseAnalyticsSwift */,
				04275A9B29D1143D00880EE6 /* FirebaseAuth */,
				04275A9D29D1143D00880EE6 /* FirebaseFirestore */,
				04275A9F29D1143D00880EE6 /* FirebaseFirestoreSwift */,
				04275AA129D1143D00880EE6 /* FirebaseFunctions */,
				04275AA329D1143D00880EE6 /* FirebaseStorage */,
			);
			productName = MarsExplorer;
			productReference = 047975AD29A58F0300DA9AB6 /* MarsExplorer.app */;
			productType = "com.apple.product-type.application";
		};
		047975C129A58F0400DA9AB6 /* MarsExplorerTests */ = {
			isa = PBXNativeTarget;
			buildConfigurationList = 047975D929A58F0400DA9AB6 /* Build configuration list for PBXNativeTarget "MarsExplorerTests" */;
			buildPhases = (
				047975BE29A58F0400DA9AB6 /* Sources */,
				047975BF29A58F0400DA9AB6 /* Frameworks */,
				047975C029A58F0400DA9AB6 /* Resources */,
			);
			buildRules = (
			);
			dependencies = (
				047975C429A58F0400DA9AB6 /* PBXTargetDependency */,
			);
			name = MarsExplorerTests;
			productName = MarsExplorerTests;
			productReference = 047975C229A58F0400DA9AB6 /* MarsExplorerTests.xctest */;
			productType = "com.apple.product-type.bundle.unit-test";
		};
		047975CB29A58F0400DA9AB6 /* MarsExplorerUITests */ = {
			isa = PBXNativeTarget;
			buildConfigurationList = 047975DC29A58F0400DA9AB6 /* Build configuration list for PBXNativeTarget "MarsExplorerUITests" */;
			buildPhases = (
				047975C829A58F0400DA9AB6 /* Sources */,
				047975C929A58F0400DA9AB6 /* Frameworks */,
				047975CA29A58F0400DA9AB6 /* Resources */,
			);
			buildRules = (
			);
			dependencies = (
				047975CE29A58F0400DA9AB6 /* PBXTargetDependency */,
			);
			name = MarsExplorerUITests;
			productName = MarsExplorerUITests;
			productReference = 047975CC29A58F0400DA9AB6 /* MarsExplorerUITests.xctest */;
			productType = "com.apple.product-type.bundle.ui-testing";
		};
/* End PBXNativeTarget section */

/* Begin PBXProject section */
		047975A529A58F0300DA9AB6 /* Project object */ = {
			isa = PBXProject;
			attributes = {
				BuildIndependentTargetsInParallel = 1;
				LastSwiftUpdateCheck = 1420;
				LastUpgradeCheck = 1420;
				TargetAttributes = {
					047975AC29A58F0300DA9AB6 = {
						CreatedOnToolsVersion = 14.2;
					};
					047975C129A58F0400DA9AB6 = {
						CreatedOnToolsVersion = 14.2;
						TestTargetID = 047975AC29A58F0300DA9AB6;
					};
					047975CB29A58F0400DA9AB6 = {
						CreatedOnToolsVersion = 14.2;
						TestTargetID = 047975AC29A58F0300DA9AB6;
					};
				};
			};
			buildConfigurationList = 047975A829A58F0300DA9AB6 /* Build configuration list for PBXProject "MarsExplorer" */;
			compatibilityVersion = "Xcode 14.0";
			developmentRegion = en;
			hasScannedForEncodings = 0;
			knownRegions = (
				en,
				Base,
			);
			mainGroup = 047975A429A58F0300DA9AB6;
			packageReferences = (
				04275A9829D1143D00880EE6 /* XCRemoteSwiftPackageReference "firebase-ios-sdk" */,
			);
			productRefGroup = 047975AE29A58F0300DA9AB6 /* Products */;
			projectDirPath = "";
			projectRoot = "";
			targets = (
				047975AC29A58F0300DA9AB6 /* MarsExplorer */,
				047975C129A58F0400DA9AB6 /* MarsExplorerTests */,
				047975CB29A58F0400DA9AB6 /* MarsExplorerUITests */,
			);
		};
/* End PBXProject section */

/* Begin PBXResourcesBuildPhase section */
		047975AB29A58F0300DA9AB6 /* Resources */ = {
			isa = PBXResourcesBuildPhase;
			buildActionMask = 2147483647;
			files = (
				047975B829A58F0300DA9AB6 /* Preview Assets.xcassets in Resources */,
				047975B529A58F0300DA9AB6 /* Assets.xcassets in Resources */,
				04275A9729D1128300880EE6 /* GoogleService-Info.plist in Resources */,
			);
			runOnlyForDeploymentPostprocessing = 0;
		};
		047975C029A58F0400DA9AB6 /* Resources */ = {
			isa = PBXResourcesBuildPhase;
			buildActionMask = 2147483647;
			files = (
			);
			runOnlyForDeploymentPostprocessing = 0;
		};
		047975CA29A58F0400DA9AB6 /* Resources */ = {
			isa = PBXResourcesBuildPhase;
			buildActionMask = 2147483647;
			files = (
			);
			runOnlyForDeploymentPostprocessing = 0;
		};
/* End PBXResourcesBuildPhase section */

/* Begin PBXSourcesBuildPhase section */
		047975A929A58F0300DA9AB6 /* Sources */ = {
			isa = PBXSourcesBuildPhase;
			buildActionMask = 2147483647;
			files = (
				047975BA29A58F0300DA9AB6 /* Persistence.swift in Sources */,
				04A05DC029A802B00000FA71 /* APIManager.swift in Sources */,
				04F513F029B1891B00AE0EFD /* AuthenticatedView.swift in Sources */,
				046814FD29D24C5C00457E1E /* FireStoreManager.swift in Sources */,
				047975BD29A58F0300DA9AB6 /* MarsExplorer.xcdatamodeld in Sources */,
				04F513F229B189D100AE0EFD /* AuthenticationView.swift in Sources */,
				04F513EA29B1888200AE0EFD /* LoginView.swift in Sources */,
				047975E429A5D94A00DA9AB6 /* ImageInspectorView.swift in Sources */,
				04F513F429B189E800AE0EFD /* UserProfileView.swift in Sources */,
				047975B329A58F0300DA9AB6 /* FavouritePhotosView.swift in Sources */,
				04F513EC29B188CC00AE0EFD /* AuthenticationViewModel.swift in Sources */,
				047975B129A58F0300DA9AB6 /* MarsExplorerApp.swift in Sources */,
				047975E029A5D61B00DA9AB6 /* PhotosResponse.swift in Sources */,
				04F513EE29B188F400AE0EFD /* SignupView.swift in Sources */,
				047975E229A5D8D200DA9AB6 /* MarsImagesView.swift in Sources */,
			);
			runOnlyForDeploymentPostprocessing = 0;
		};
		047975BE29A58F0400DA9AB6 /* Sources */ = {
			isa = PBXSourcesBuildPhase;
			buildActionMask = 2147483647;
			files = (
				047975C729A58F0400DA9AB6 /* MarsExplorerTests.swift in Sources */,
			);
			runOnlyForDeploymentPostprocessing = 0;
		};
		047975C829A58F0400DA9AB6 /* Sources */ = {
			isa = PBXSourcesBuildPhase;
			buildActionMask = 2147483647;
			files = (
				047975D329A58F0400DA9AB6 /* MarsExplorerUITestsLaunchTests.swift in Sources */,
				047975D129A58F0400DA9AB6 /* MarsExplorerUITests.swift in Sources */,
			);
			runOnlyForDeploymentPostprocessing = 0;
		};
/* End PBXSourcesBuildPhase section */

/* Begin PBXTargetDependency section */
		047975C429A58F0400DA9AB6 /* PBXTargetDependency */ = {
			isa = PBXTargetDependency;
			target = 047975AC29A58F0300DA9AB6 /* MarsExplorer */;
			targetProxy = 047975C329A58F0400DA9AB6 /* PBXContainerItemProxy */;
		};
		047975CE29A58F0400DA9AB6 /* PBXTargetDependency */ = {
			isa = PBXTargetDependency;
			target = 047975AC29A58F0300DA9AB6 /* MarsExplorer */;
			targetProxy = 047975CD29A58F0400DA9AB6 /* PBXContainerItemProxy */;
		};
/* End PBXTargetDependency section */

/* Begin XCBuildConfiguration section */
		047975D429A58F0400DA9AB6 /* Debug */ = {
			isa = XCBuildConfiguration;
			buildSettings = {
				ALWAYS_SEARCH_USER_PATHS = NO;
				CLANG_ANALYZER_NONNULL = YES;
				CLANG_ANALYZER_NUMBER_OBJECT_CONVERSION = YES_AGGRESSIVE;
				CLANG_CXX_LANGUAGE_STANDARD = "gnu++20";
				CLANG_ENABLE_MODULES = YES;
				CLANG_ENABLE_OBJC_ARC = YES;
				CLANG_ENABLE_OBJC_WEAK = YES;
				CLANG_WARN_BLOCK_CAPTURE_AUTORELEASING = YES;
				CLANG_WARN_BOOL_CONVERSION = YES;
				CLANG_WARN_COMMA = YES;
				CLANG_WARN_CONSTANT_CONVERSION = YES;
				CLANG_WARN_DEPRECATED_OBJC_IMPLEMENTATIONS = YES;
				CLANG_WARN_DIRECT_OBJC_ISA_USAGE = YES_ERROR;
				CLANG_WARN_DOCUMENTATION_COMMENTS = YES;
				CLANG_WARN_EMPTY_BODY = YES;
				CLANG_WARN_ENUM_CONVERSION = YES;
				CLANG_WARN_INFINITE_RECURSION = YES;
				CLANG_WARN_INT_CONVERSION = YES;
				CLANG_WARN_NON_LITERAL_NULL_CONVERSION = YES;
				CLANG_WARN_OBJC_IMPLICIT_RETAIN_SELF = YES;
				CLANG_WARN_OBJC_LITERAL_CONVERSION = YES;
				CLANG_WARN_OBJC_ROOT_CLASS = YES_ERROR;
				CLANG_WARN_QUOTED_INCLUDE_IN_FRAMEWORK_HEADER = YES;
				CLANG_WARN_RANGE_LOOP_ANALYSIS = YES;
				CLANG_WARN_STRICT_PROTOTYPES = YES;
				CLANG_WARN_SUSPICIOUS_MOVE = YES;
				CLANG_WARN_UNGUARDED_AVAILABILITY = YES_AGGRESSIVE;
				CLANG_WARN_UNREACHABLE_CODE = YES;
				CLANG_WARN__DUPLICATE_METHOD_MATCH = YES;
				COPY_PHASE_STRIP = NO;
				DEBUG_INFORMATION_FORMAT = dwarf;
				ENABLE_STRICT_OBJC_MSGSEND = YES;
				ENABLE_TESTABILITY = YES;
				GCC_C_LANGUAGE_STANDARD = gnu11;
				GCC_DYNAMIC_NO_PIC = NO;
				GCC_NO_COMMON_BLOCKS = YES;
				GCC_OPTIMIZATION_LEVEL = 0;
				GCC_PREPROCESSOR_DEFINITIONS = (
					"DEBUG=1",
					"$(inherited)",
				);
				GCC_WARN_64_TO_32_BIT_CONVERSION = YES;
				GCC_WARN_ABOUT_RETURN_TYPE = YES_ERROR;
				GCC_WARN_UNDECLARED_SELECTOR = YES;
				GCC_WARN_UNINITIALIZED_AUTOS = YES_AGGRESSIVE;
				GCC_WARN_UNUSED_FUNCTION = YES;
				GCC_WARN_UNUSED_VARIABLE = YES;
				IPHONEOS_DEPLOYMENT_TARGET = 16.2;
				MTL_ENABLE_DEBUG_INFO = INCLUDE_SOURCE;
				MTL_FAST_MATH = YES;
				ONLY_ACTIVE_ARCH = YES;
				SDKROOT = iphoneos;
				SWIFT_ACTIVE_COMPILATION_CONDITIONS = DEBUG;
				SWIFT_OPTIMIZATION_LEVEL = "-Onone";
			};
			name = Debug;
		};
		047975D529A58F0400DA9AB6 /* Release */ = {
			isa = XCBuildConfiguration;
			buildSettings = {
				ALWAYS_SEARCH_USER_PATHS = NO;
				CLANG_ANALYZER_NONNULL = YES;
				CLANG_ANALYZER_NUMBER_OBJECT_CONVERSION = YES_AGGRESSIVE;
				CLANG_CXX_LANGUAGE_STANDARD = "gnu++20";
				CLANG_ENABLE_MODULES = YES;
				CLANG_ENABLE_OBJC_ARC = YES;
				CLANG_ENABLE_OBJC_WEAK = YES;
				CLANG_WARN_BLOCK_CAPTURE_AUTORELEASING = YES;
				CLANG_WARN_BOOL_CONVERSION = YES;
				CLANG_WARN_COMMA = YES;
				CLANG_WARN_CONSTANT_CONVERSION = YES;
				CLANG_WARN_DEPRECATED_OBJC_IMPLEMENTATIONS = YES;
				CLANG_WARN_DIRECT_OBJC_ISA_USAGE = YES_ERROR;
				CLANG_WARN_DOCUMENTATION_COMMENTS = YES;
				CLANG_WARN_EMPTY_BODY = YES;
				CLANG_WARN_ENUM_CONVERSION = YES;
				CLANG_WARN_INFINITE_RECURSION = YES;
				CLANG_WARN_INT_CONVERSION = YES;
				CLANG_WARN_NON_LITERAL_NULL_CONVERSION = YES;
				CLANG_WARN_OBJC_IMPLICIT_RETAIN_SELF = YES;
				CLANG_WARN_OBJC_LITERAL_CONVERSION = YES;
				CLANG_WARN_OBJC_ROOT_CLASS = YES_ERROR;
				CLANG_WARN_QUOTED_INCLUDE_IN_FRAMEWORK_HEADER = YES;
				CLANG_WARN_RANGE_LOOP_ANALYSIS = YES;
				CLANG_WARN_STRICT_PROTOTYPES = YES;
				CLANG_WARN_SUSPICIOUS_MOVE = YES;
				CLANG_WARN_UNGUARDED_AVAILABILITY = YES_AGGRESSIVE;
				CLANG_WARN_UNREACHABLE_CODE = YES;
				CLANG_WARN__DUPLICATE_METHOD_MATCH = YES;
				COPY_PHASE_STRIP = NO;
				DEBUG_INFORMATION_FORMAT = "dwarf-with-dsym";
				ENABLE_NS_ASSERTIONS = NO;
				ENABLE_STRICT_OBJC_MSGSEND = YES;
				GCC_C_LANGUAGE_STANDARD = gnu11;
				GCC_NO_COMMON_BLOCKS = YES;
				GCC_WARN_64_TO_32_BIT_CONVERSION = YES;
				GCC_WARN_ABOUT_RETURN_TYPE = YES_ERROR;
				GCC_WARN_UNDECLARED_SELECTOR = YES;
				GCC_WARN_UNINITIALIZED_AUTOS = YES_AGGRESSIVE;
				GCC_WARN_UNUSED_FUNCTION = YES;
				GCC_WARN_UNUSED_VARIABLE = YES;
				IPHONEOS_DEPLOYMENT_TARGET = 16.2;
				MTL_ENABLE_DEBUG_INFO = NO;
				MTL_FAST_MATH = YES;
				SDKROOT = iphoneos;
				SWIFT_COMPILATION_MODE = wholemodule;
				SWIFT_OPTIMIZATION_LEVEL = "-O";
				VALIDATE_PRODUCT = YES;
			};
			name = Release;
		};
		047975D729A58F0400DA9AB6 /* Debug */ = {
			isa = XCBuildConfiguration;
			buildSettings = {
				ASSETCATALOG_COMPILER_APPICON_NAME = AppIcon;
				ASSETCATALOG_COMPILER_GLOBAL_ACCENT_COLOR_NAME = AccentColor;
				CODE_SIGN_STYLE = Automatic;
				CURRENT_PROJECT_VERSION = 1;
				DEVELOPMENT_ASSET_PATHS = "\"MarsExplorer/Preview Content\"";
				DEVELOPMENT_TEAM = 9N86628KP4;
				ENABLE_PREVIEWS = YES;
				GENERATE_INFOPLIST_FILE = YES;
				INFOPLIST_FILE = MarsExplorer/Info.plist;
				INFOPLIST_KEY_UIApplicationSupportsIndirectInputEvents = YES;
				INFOPLIST_KEY_UILaunchScreen_Generation = YES;
				INFOPLIST_KEY_UISupportedInterfaceOrientations_iPad = "UIInterfaceOrientationPortrait UIInterfaceOrientationPortraitUpsideDown UIInterfaceOrientationLandscapeLeft UIInterfaceOrientationLandscapeRight";
				INFOPLIST_KEY_UISupportedInterfaceOrientations_iPhone = "UIInterfaceOrientationPortrait UIInterfaceOrientationLandscapeLeft UIInterfaceOrientationLandscapeRight";
				LD_RUNPATH_SEARCH_PATHS = (
					"$(inherited)",
					"@executable_path/Frameworks",
				);
				MARKETING_VERSION = 1.0;
				PRODUCT_BUNDLE_IDENTIFIER = com.MuhammedKocabas.MarsExplorer;
				PRODUCT_NAME = "$(TARGET_NAME)";
				SWIFT_EMIT_LOC_STRINGS = YES;
				SWIFT_VERSION = 5.0;
				TARGETED_DEVICE_FAMILY = "1,2";
			};
			name = Debug;
		};
		047975D829A58F0400DA9AB6 /* Release */ = {
			isa = XCBuildConfiguration;
			buildSettings = {
				ASSETCATALOG_COMPILER_APPICON_NAME = AppIcon;
				ASSETCATALOG_COMPILER_GLOBAL_ACCENT_COLOR_NAME = AccentColor;
				CODE_SIGN_STYLE = Automatic;
				CURRENT_PROJECT_VERSION = 1;
				DEVELOPMENT_ASSET_PATHS = "\"MarsExplorer/Preview Content\"";
				DEVELOPMENT_TEAM = 9N86628KP4;
				ENABLE_PREVIEWS = YES;
				GENERATE_INFOPLIST_FILE = YES;
				INFOPLIST_FILE = MarsExplorer/Info.plist;
				INFOPLIST_KEY_UIApplicationSupportsIndirectInputEvents = YES;
				INFOPLIST_KEY_UILaunchScreen_Generation = YES;
				INFOPLIST_KEY_UISupportedInterfaceOrientations_iPad = "UIInterfaceOrientationPortrait UIInterfaceOrientationPortraitUpsideDown UIInterfaceOrientationLandscapeLeft UIInterfaceOrientationLandscapeRight";
				INFOPLIST_KEY_UISupportedInterfaceOrientations_iPhone = "UIInterfaceOrientationPortrait UIInterfaceOrientationLandscapeLeft UIInterfaceOrientationLandscapeRight";
				LD_RUNPATH_SEARCH_PATHS = (
					"$(inherited)",
					"@executable_path/Frameworks",
				);
				MARKETING_VERSION = 1.0;
				PRODUCT_BUNDLE_IDENTIFIER = com.MuhammedKocabas.MarsExplorer;
				PRODUCT_NAME = "$(TARGET_NAME)";
				SWIFT_EMIT_LOC_STRINGS = YES;
				SWIFT_VERSION = 5.0;
				TARGETED_DEVICE_FAMILY = "1,2";
			};
			name = Release;
		};
		047975DA29A58F0400DA9AB6 /* Debug */ = {
			isa = XCBuildConfiguration;
			buildSettings = {
				ALWAYS_EMBED_SWIFT_STANDARD_LIBRARIES = YES;
				BUNDLE_LOADER = "$(TEST_HOST)";
				CODE_SIGN_STYLE = Automatic;
				CURRENT_PROJECT_VERSION = 1;
				DEVELOPMENT_TEAM = 9N86628KP4;
				GENERATE_INFOPLIST_FILE = YES;
				IPHONEOS_DEPLOYMENT_TARGET = 16.2;
				MARKETING_VERSION = 1.0;
				PRODUCT_BUNDLE_IDENTIFIER = com.MuhammedKocabas.MarsExplorerTests;
				PRODUCT_NAME = "$(TARGET_NAME)";
				SWIFT_EMIT_LOC_STRINGS = NO;
				SWIFT_VERSION = 5.0;
				TARGETED_DEVICE_FAMILY = "1,2";
				TEST_HOST = "$(BUILT_PRODUCTS_DIR)/MarsExplorer.app/$(BUNDLE_EXECUTABLE_FOLDER_PATH)/MarsExplorer";
			};
			name = Debug;
		};
		047975DB29A58F0400DA9AB6 /* Release */ = {
			isa = XCBuildConfiguration;
			buildSettings = {
				ALWAYS_EMBED_SWIFT_STANDARD_LIBRARIES = YES;
				BUNDLE_LOADER = "$(TEST_HOST)";
				CODE_SIGN_STYLE = Automatic;
				CURRENT_PROJECT_VERSION = 1;
				DEVELOPMENT_TEAM = 9N86628KP4;
				GENERATE_INFOPLIST_FILE = YES;
				IPHONEOS_DEPLOYMENT_TARGET = 16.2;
				MARKETING_VERSION = 1.0;
				PRODUCT_BUNDLE_IDENTIFIER = com.MuhammedKocabas.MarsExplorerTests;
				PRODUCT_NAME = "$(TARGET_NAME)";
				SWIFT_EMIT_LOC_STRINGS = NO;
				SWIFT_VERSION = 5.0;
				TARGETED_DEVICE_FAMILY = "1,2";
				TEST_HOST = "$(BUILT_PRODUCTS_DIR)/MarsExplorer.app/$(BUNDLE_EXECUTABLE_FOLDER_PATH)/MarsExplorer";
			};
			name = Release;
		};
		047975DD29A58F0400DA9AB6 /* Debug */ = {
			isa = XCBuildConfiguration;
			buildSettings = {
				ALWAYS_EMBED_SWIFT_STANDARD_LIBRARIES = YES;
				CODE_SIGN_STYLE = Automatic;
				CURRENT_PROJECT_VERSION = 1;
				DEVELOPMENT_TEAM = 9N86628KP4;
				GENERATE_INFOPLIST_FILE = YES;
				MARKETING_VERSION = 1.0;
				PRODUCT_BUNDLE_IDENTIFIER = com.MuhammedKocabas.MarsExplorerUITests;
				PRODUCT_NAME = "$(TARGET_NAME)";
				SWIFT_EMIT_LOC_STRINGS = NO;
				SWIFT_VERSION = 5.0;
				TARGETED_DEVICE_FAMILY = "1,2";
				TEST_TARGET_NAME = MarsExplorer;
			};
			name = Debug;
		};
		047975DE29A58F0400DA9AB6 /* Release */ = {
			isa = XCBuildConfiguration;
			buildSettings = {
				ALWAYS_EMBED_SWIFT_STANDARD_LIBRARIES = YES;
				CODE_SIGN_STYLE = Automatic;
				CURRENT_PROJECT_VERSION = 1;
				DEVELOPMENT_TEAM = 9N86628KP4;
				GENERATE_INFOPLIST_FILE = YES;
				MARKETING_VERSION = 1.0;
				PRODUCT_BUNDLE_IDENTIFIER = com.MuhammedKocabas.MarsExplorerUITests;
				PRODUCT_NAME = "$(TARGET_NAME)";
				SWIFT_EMIT_LOC_STRINGS = NO;
				SWIFT_VERSION = 5.0;
				TARGETED_DEVICE_FAMILY = "1,2";
				TEST_TARGET_NAME = MarsExplorer;
			};
			name = Release;
		};
/* End XCBuildConfiguration section */

/* Begin XCConfigurationList section */
		047975A829A58F0300DA9AB6 /* Build configuration list for PBXProject "MarsExplorer" */ = {
			isa = XCConfigurationList;
			buildConfigurations = (
				047975D429A58F0400DA9AB6 /* Debug */,
				047975D529A58F0400DA9AB6 /* Release */,
			);
			defaultConfigurationIsVisible = 0;
			defaultConfigurationName = Release;
		};
		047975D629A58F0400DA9AB6 /* Build configuration list for PBXNativeTarget "MarsExplorer" */ = {
			isa = XCConfigurationList;
			buildConfigurations = (
				047975D729A58F0400DA9AB6 /* Debug */,
				047975D829A58F0400DA9AB6 /* Release */,
			);
			defaultConfigurationIsVisible = 0;
			defaultConfigurationName = Release;
		};
		047975D929A58F0400DA9AB6 /* Build configuration list for PBXNativeTarget "MarsExplorerTests" */ = {
			isa = XCConfigurationList;
			buildConfigurations = (
				047975DA29A58F0400DA9AB6 /* Debug */,
				047975DB29A58F0400DA9AB6 /* Release */,
			);
			defaultConfigurationIsVisible = 0;
			defaultConfigurationName = Release;
		};
		047975DC29A58F0400DA9AB6 /* Build configuration list for PBXNativeTarget "MarsExplorerUITests" */ = {
			isa = XCConfigurationList;
			buildConfigurations = (
				047975DD29A58F0400DA9AB6 /* Debug */,
				047975DE29A58F0400DA9AB6 /* Release */,
			);
			defaultConfigurationIsVisible = 0;
			defaultConfigurationName = Release;
		};
/* End XCConfigurationList section */

/* Begin XCRemoteSwiftPackageReference section */
		04275A9829D1143D00880EE6 /* XCRemoteSwiftPackageReference "firebase-ios-sdk" */ = {
			isa = XCRemoteSwiftPackageReference;
			repositoryURL = "https://github.com/firebase/firebase-ios-sdk";
			requirement = {
				kind = upToNextMajorVersion;
				minimumVersion = 9.0.0;
			};
		};
/* End XCRemoteSwiftPackageReference section */

/* Begin XCSwiftPackageProductDependency section */
		04275A9929D1143D00880EE6 /* FirebaseAnalyticsSwift */ = {
			isa = XCSwiftPackageProductDependency;
			package = 04275A9829D1143D00880EE6 /* XCRemoteSwiftPackageReference "firebase-ios-sdk" */;
			productName = FirebaseAnalyticsSwift;
		};
		04275A9B29D1143D00880EE6 /* FirebaseAuth */ = {
			isa = XCSwiftPackageProductDependency;
			package = 04275A9829D1143D00880EE6 /* XCRemoteSwiftPackageReference "firebase-ios-sdk" */;
			productName = FirebaseAuth;
		};
		04275A9D29D1143D00880EE6 /* FirebaseFirestore */ = {
			isa = XCSwiftPackageProductDependency;
			package = 04275A9829D1143D00880EE6 /* XCRemoteSwiftPackageReference "firebase-ios-sdk" */;
			productName = FirebaseFirestore;
		};
		04275A9F29D1143D00880EE6 /* FirebaseFirestoreSwift */ = {
			isa = XCSwiftPackageProductDependency;
			package = 04275A9829D1143D00880EE6 /* XCRemoteSwiftPackageReference "firebase-ios-sdk" */;
			productName = FirebaseFirestoreSwift;
		};
		04275AA129D1143D00880EE6 /* FirebaseFunctions */ = {
			isa = XCSwiftPackageProductDependency;
			package = 04275A9829D1143D00880EE6 /* XCRemoteSwiftPackageReference "firebase-ios-sdk" */;
			productName = FirebaseFunctions;
		};
		04275AA329D1143D00880EE6 /* FirebaseStorage */ = {
			isa = XCSwiftPackageProductDependency;
			package = 04275A9829D1143D00880EE6 /* XCRemoteSwiftPackageReference "firebase-ios-sdk" */;
			productName = FirebaseStorage;
		};
/* End XCSwiftPackageProductDependency section */

/* Begin XCVersionGroup section */
		047975BB29A58F0300DA9AB6 /* MarsExplorer.xcdatamodeld */ = {
			isa = XCVersionGroup;
			children = (
				047975BC29A58F0300DA9AB6 /* MarsExplorer.xcdatamodel */,
			);
			currentVersion = 047975BC29A58F0300DA9AB6 /* MarsExplorer.xcdatamodel */;
			path = MarsExplorer.xcdatamodeld;
			sourceTree = "<group>";
			versionGroupType = wrapper.xcdatamodel;
		};
/* End XCVersionGroup section */
	};
	rootObject = 047975A529A58F0300DA9AB6 /* Project object */;
}
