// !$*UTF8*$!
{
	archiveVersion = 1;
	classes = {
	};
	objectVersion = 56;
	objects = {

/* Begin PBXBuildFile section */
		047975B129A58F0300DA9AB6 /* MarsExplorerApp.swift in Sources */ = {isa = PBXBuildFile; fileRef = 047975B029A58F0300DA9AB6 /* MarsExplorerApp.swift */; };
		047975B329A58F0300DA9AB6 /* ContentView.swift in Sources */ = {isa = PBXBuildFile; fileRef = 047975B229A58F0300DA9AB6 /* ContentView.swift */; };
		047975B529A58F0300DA9AB6 /* Assets.xcassets in Resources */ = {isa = PBXBuildFile; fileRef = 047975B429A58F0300DA9AB6 /* Assets.xcassets */; };
		047975B829A58F0300DA9AB6 /* Preview Assets.xcassets in Resources */ = {isa = PBXBuildFile; fileRef = 047975B729A58F0300DA9AB6 /* Preview Assets.xcassets */; };
		047975BA29A58F0300DA9AB6 /* Persistence.swift in Sources */ = {isa = PBXBuildFile; fileRef = 047975B929A58F0300DA9AB6 /* Persistence.swift */; };
		047975BD29A58F0300DA9AB6 /* MarsExplorer.xcdatamodeld in Sources */ = {isa = PBXBuildFile; fileRef = 047975BB29A58F0300DA9AB6 /* MarsExplorer.xcdatamodeld */; };
		047975C729A58F0400DA9AB6 /* MarsExplorerTests.swift in Sources */ = {isa = PBXBuildFile; fileRef = 047975C629A58F0400DA9AB6 /* MarsExplorerTests.swift */; };
		047975D129A58F0400DA9AB6 /* MarsExplorerUITests.swift in Sources */ = {isa = PBXBuildFile; fileRef = 047975D029A58F0400DA9AB6 /* MarsExplorerUITests.swift */; };
		047975D329A58F0400DA9AB6 /* MarsExplorerUITestsLaunchTests.swift in Sources */ = {isa = PBXBuildFile; fileRef = 047975D229A58F0400DA9AB6 /* MarsExplorerUITestsLaunchTests.swift */; };
/* End PBXBuildFile section */

/* Begin PBXContainerItemProxy section */
		047975C329A58F0400DA9AB6 /* PBXContainerItemProxy */ = {
			isa = PBXContainerItemProxy;
			containerPortal = 047975A529A58F0300DA9AB6 /* Project object */;
			proxyType = 1;
			remoteGlobalIDString = 047975AC29A58F0300DA9AB6;
			remoteInfo = MarsExplorer;
		};
		047975CD29A58F0400DA9AB6 /* PBXContainerItemProxy */ = {
			isa = PBXContainerItemProxy;
			containerPortal = 047975A529A58F0300DA9AB6 /* Project object */;
			proxyType = 1;
			remoteGlobalIDString = 047975AC29A58F0300DA9AB6;
			remoteInfo = MarsExplorer;
		};
/* End PBXContainerItemProxy section */

/* Begin PBXFileReference section */
		047975AD29A58F0300DA9AB6 /* MarsExplorer.app */ = {isa = PBXFileReference; explicitFileType = wrapper.application; includeInIndex = 0; path = MarsExplorer.app; sourceTree = BUILT_PRODUCTS_DIR; };
		047975B029A58F0300DA9AB6 /* MarsExplorerApp.swift */ = {isa = PBXFileReference; lastKnownFileType = sourcecode.swift; path = MarsExplorerApp.swift; sourceTree = "<group>"; };
		047975B229A58F0300DA9AB6 /* ContentView.swift */ = {isa = PBXFileReference; lastKnownFileType = sourcecode.swift; path = ContentView.swift; sourceTree = "<group>"; };
		047975B429A58F0300DA9AB6 /* Assets.xcassets */ = {isa = PBXFileReference; lastKnownFileType = folder.assetcatalog; path = Assets.xcassets; sourceTree = "<group>"; };
		047975B729A58F0300DA9AB6 /* Preview Assets.xcassets */ = {isa = PBXFileReference; lastKnownFileType = folder.assetcatalog; path = "Preview Assets.xcassets"; sourceTree = "<group>"; };
		047975B929A58F0300DA9AB6 /* Persistence.swift */ = {isa = PBXFileReference; lastKnownFileType = sourcecode.swift; path = Persistence.swift; sourceTree = "<group>"; };
		047975BC29A58F0300DA9AB6 /* MarsExplorer.xcdatamodel */ = {isa = PBXFileReference; lastKnownFileType = wrapper.xcdatamodel; path = MarsExplorer.xcdatamodel; sourceTree = "<group>"; };
		047975C229A58F0400DA9AB6 /* MarsExplorerTests.xctest */ = {isa = PBXFileReference; explicitFileType = wrapper.cfbundle; includeInIndex = 0; path = MarsExplorerTests.xctest; sourceTree = BUILT_PRODUCTS_DIR; };
		047975C629A58F0400DA9AB6 /* MarsExplorerTests.swift */ = {isa = PBXFileReference; lastKnownFileType = sourcecode.swift; path = MarsExplorerTests.swift; sourceTree = "<group>"; };
		047975CC29A58F0400DA9AB6 /* MarsExplorerUITests.xctest */ = {isa = PBXFileReference; explicitFileType = wrapper.cfbundle; includeInIndex = 0; path = MarsExplorerUITests.xctest; sourceTree = BUILT_PRODUCTS_DIR; };
		047975D029A58F0400DA9AB6 /* MarsExplorerUITests.swift */ = {isa = PBXFileReference; lastKnownFileType = sourcecode.swift; path = MarsExplorerUITests.swift; sourceTree = "<group>"; };
		047975D229A58F0400DA9AB6 /* MarsExplorerUITestsLaunchTests.swift */ = {isa = PBXFileReference; lastKnownFileType = sourcecode.swift; path = MarsExplorerUITestsLaunchTests.swift; sourceTree = "<group>"; };
/* End PBXFileReference section */

/* Begin PBXFrameworksBuildPhase section */
		047975AA29A58F0300DA9AB6 /* Frameworks */ = {
			isa = PBXFrameworksBuildPhase;
			buildActionMask = 2147483647;
			files = (
			);
			runOnlyForDeploymentPostprocessing = 0;
		};
		047975BF29A58F0400DA9AB6 /* Frameworks */ = {
			isa = PBXFrameworksBuildPhase;
			buildActionMask = 2147483647;
			files = (
			);
			runOnlyForDeploymentPostprocessing = 0;
		};
		047975C929A58F0400DA9AB6 /* Frameworks */ = {
			isa = PBXFrameworksBuildPhase;
			buildActionMask = 2147483647;
			files = (
			);
			runOnlyForDeploymentPostprocessing = 0;
		};
/* End PBXFrameworksBuildPhase section */

/* Begin PBXGroup section */
		047975A429A58F0300DA9AB6 = {
			isa = PBXGroup;
			children = (
				047975AF29A58F0300DA9AB6 /* MarsExplorer */,
				047975C529A58F0400DA9AB6 /* MarsExplorerTests */,
				047975CF29A58F0400DA9AB6 /* MarsExplorerUITests */,
				047975AE29A58F0300DA9AB6 /* Products */,
			);
			sourceTree = "<group>";
		};
		047975AE29A58F0300DA9AB6 /* Products */ = {
			isa = PBXGroup;
			children = (
				047975AD29A58F0300DA9AB6 /* MarsExplorer.app */,
				047975C229A58F0400DA9AB6 /* MarsExplorerTests.xctest */,
				047975CC29A58F0400DA9AB6 /* MarsExplorerUITests.xctest */,
			);
			name = Products;
			sourceTree = "<group>";
		};
		047975AF29A58F0300DA9AB6 /* MarsExplorer */ = {
			isa = PBXGroup;
			children = (
				047975B029A58F0300DA9AB6 /* MarsExplorerApp.swift */,
				047975B229A58F0300DA9AB6 /* ContentView.swift */,
				047975B429A58F0300DA9AB6 /* Assets.xcassets */,
				047975B929A58F0300DA9AB6 /* Persistence.swift */,
				047975BB29A58F0300DA9AB6 /* MarsExplorer.xcdatamodeld */,
				047975B629A58F0300DA9AB6 /* Preview Content */,
			);
			path = MarsExplorer;
			sourceTree = "<group>";
		};
		047975B629A58F0300DA9AB6 /* Preview Content */ = {
			isa = PBXGroup;
			children = (
				047975B729A58F0300DA9AB6 /* Preview Assets.xcassets */,
			);
			path = "Preview Content";
			sourceTree = "<group>";
		};
		047975C529A58F0400DA9AB6 /* MarsExplorerTests */ = {
			isa = PBXGroup;
			children = (
				047975C629A58F0400DA9AB6 /* MarsExplorerTests.swift */,
			);
			path = MarsExplorerTests;
			sourceTree = "<group>";
		};
		047975CF29A58F0400DA9AB6 /* MarsExplorerUITests */ = {
			isa = PBXGroup;
			children = (
				047975D029A58F0400DA9AB6 /* MarsExplorerUITests.swift */,
				047975D229A58F0400DA9AB6 /* MarsExplorerUITestsLaunchTests.swift */,
			);
			path = MarsExplorerUITests;
			sourceTree = "<group>";
		};
/* End PBXGroup section */

/* Begin PBXNativeTarget section */
		047975AC29A58F0300DA9AB6 /* MarsExplorer */ = {
			isa = PBXNativeTarget;
			buildConfigurationList = 047975D629A58F0400DA9AB6 /* Build configuration list for PBXNativeTarget "MarsExplorer" */;
			buildPhases = (
				047975A929A58F0300DA9AB6 /* Sources */,
				047975AA29A58F0300DA9AB6 /* Frameworks */,
				047975AB29A58F0300DA9AB6 /* Resources */,
			);
			buildRules = (
			);
			dependencies = (
			);
			name = MarsExplorer;
			productName = MarsExplorer;
			productReference = 047975AD29A58F0300DA9AB6 /* MarsExplorer.app */;
			productType = "com.apple.product-type.application";
		};
		047975C129A58F0400DA9AB6 /* MarsExplorerTests */ = {
			isa = PBXNativeTarget;
			buildConfigurationList = 047975D929A58F0400DA9AB6 /* Build configuration list for PBXNativeTarget "MarsExplorerTests" */;
			buildPhases = (
				047975BE29A58F0400DA9AB6 /* Sources */,
				047975BF29A58F0400DA9AB6 /* Frameworks */,
				047975C029A58F0400DA9AB6 /* Resources */,
			);
			buildRules = (
			);
			dependencies = (
				047975C429A58F0400DA9AB6 /* PBXTargetDependency */,
			);
			name = MarsExplorerTests;
			productName = MarsExplorerTests;
			productReference = 047975C229A58F0400DA9AB6 /* MarsExplorerTests.xctest */;
			productType = "com.apple.product-type.bundle.unit-test";
		};
		047975CB29A58F0400DA9AB6 /* MarsExplorerUITests */ = {
			isa = PBXNativeTarget;
			buildConfigurationList = 047975DC29A58F0400DA9AB6 /* Build configuration list for PBXNativeTarget "MarsExplorerUITests" */;
			buildPhases = (
				047975C829A58F0400DA9AB6 /* Sources */,
				047975C929A58F0400DA9AB6 /* Frameworks */,
				047975CA29A58F0400DA9AB6 /* Resources */,
			);
			buildRules = (
			);
			dependencies = (
				047975CE29A58F0400DA9AB6 /* PBXTargetDependency */,
			);
			name = MarsExplorerUITests;
			productName = MarsExplorerUITests;
			productReference = 047975CC29A58F0400DA9AB6 /* MarsExplorerUITests.xctest */;
			productType = "com.apple.product-type.bundle.ui-testing";
		};
/* End PBXNativeTarget section */

/* Begin PBXProject section */
		047975A529A58F0300DA9AB6 /* Project object */ = {
			isa = PBXProject;
			attributes = {
				BuildIndependentTargetsInParallel = 1;
				LastSwiftUpdateCheck = 1420;
				LastUpgradeCheck = 1420;
				TargetAttributes = {
					047975AC29A58F0300DA9AB6 = {
						CreatedOnToolsVersion = 14.2;
					};
					047975C129A58F0400DA9AB6 = {
						CreatedOnToolsVersion = 14.2;
						TestTargetID = 047975AC29A58F0300DA9AB6;
					};
					047975CB29A58F0400DA9AB6 = {
						CreatedOnToolsVersion = 14.2;
						TestTargetID = 047975AC29A58F0300DA9AB6;
					};
				};
			};
			buildConfigurationList = 047975A829A58F0300DA9AB6 /* Build configuration list for PBXProject "MarsExplorer" */;
			compatibilityVersion = "Xcode 14.0";
			developmentRegion = en;
			hasScannedForEncodings = 0;
			knownRegions = (
				en,
				Base,
			);
			mainGroup = 047975A429A58F0300DA9AB6;
			productRefGroup = 047975AE29A58F0300DA9AB6 /* Products */;
			projectDirPath = "";
			projectRoot = "";
			targets = (
				047975AC29A58F0300DA9AB6 /* MarsExplorer */,
				047975C129A58F0400DA9AB6 /* MarsExplorerTests */,
				047975CB29A58F0400DA9AB6 /* MarsExplorerUITests */,
			);
		};
/* End PBXProject section */

/* Begin PBXResourcesBuildPhase section */
		047975AB29A58F0300DA9AB6 /* Resources */ = {
			isa = PBXResourcesBuildPhase;
			buildActionMask = 2147483647;
			files = (
				047975B829A58F0300DA9AB6 /* Preview Assets.xcassets in Resources */,
				047975B529A58F0300DA9AB6 /* Assets.xcassets in Resources */,
			);
			runOnlyForDeploymentPostprocessing = 0;
		};
		047975C029A58F0400DA9AB6 /* Resources */ = {
			isa = PBXResourcesBuildPhase;
			buildActionMask = 2147483647;
			files = (
			);
			runOnlyForDeploymentPostprocessing = 0;
		};
		047975CA29A58F0400DA9AB6 /* Resources */ = {
			isa = PBXResourcesBuildPhase;
			buildActionMask = 2147483647;
			files = (
			);
			runOnlyForDeploymentPostprocessing = 0;
		};
/* End PBXResourcesBuildPhase section */

/* Begin PBXSourcesBuildPhase section */
		047975A929A58F0300DA9AB6 /* Sources */ = {
			isa = PBXSourcesBuildPhase;
			buildActionMask = 2147483647;
			files = (
				047975BA29A58F0300DA9AB6 /* Persistence.swift in Sources */,
				047975BD29A58F0300DA9AB6 /* MarsExplorer.xcdatamodeld in Sources */,
				047975B329A58F0300DA9AB6 /* ContentView.swift in Sources */,
				047975B129A58F0300DA9AB6 /* MarsExplorerApp.swift in Sources */,
			);
			runOnlyForDeploymentPostprocessing = 0;
		};
		047975BE29A58F0400DA9AB6 /* Sources */ = {
			isa = PBXSourcesBuildPhase;
			buildActionMask = 2147483647;
			files = (
				047975C729A58F0400DA9AB6 /* MarsExplorerTests.swift in Sources */,
			);
			runOnlyForDeploymentPostprocessing = 0;
		};
		047975C829A58F0400DA9AB6 /* Sources */ = {
			isa = PBXSourcesBuildPhase;
			buildActionMask = 2147483647;
			files = (
				047975D329A58F0400DA9AB6 /* MarsExplorerUITestsLaunchTests.swift in Sources */,
				047975D129A58F0400DA9AB6 /* MarsExplorerUITests.swift in Sources */,
			);
			runOnlyForDeploymentPostprocessing = 0;
		};
/* End PBXSourcesBuildPhase section */

/* Begin PBXTargetDependency section */
		047975C429A58F0400DA9AB6 /* PBXTargetDependency */ = {
			isa = PBXTargetDependency;
			target = 047975AC29A58F0300DA9AB6 /* MarsExplorer */;
			targetProxy = 047975C329A58F0400DA9AB6 /* PBXContainerItemProxy */;
		};
		047975CE29A58F0400DA9AB6 /* PBXTargetDependency */ = {
			isa = PBXTargetDependency;
			target = 047975AC29A58F0300DA9AB6 /* MarsExplorer */;
			targetProxy = 047975CD29A58F0400DA9AB6 /* PBXContainerItemProxy */;
		};
/* End PBXTargetDependency section */

/* Begin XCBuildConfiguration section */
		047975D429A58F0400DA9AB6 /* Debug */ = {
			isa = XCBuildConfiguration;
			buildSettings = {
				ALWAYS_SEARCH_USER_PATHS = NO;
				CLANG_ANALYZER_NONNULL = YES;
				CLANG_ANALYZER_NUMBER_OBJECT_CONVERSION = YES_AGGRESSIVE;
				CLANG_CXX_LANGUAGE_STANDARD = "gnu++20";
				CLANG_ENABLE_MODULES = YES;
				CLANG_ENABLE_OBJC_ARC = YES;
				CLANG_ENABLE_OBJC_WEAK = YES;
				CLANG_WARN_BLOCK_CAPTURE_AUTORELEASING = YES;
				CLANG_WARN_BOOL_CONVERSION = YES;
				CLANG_WARN_COMMA = YES;
				CLANG_WARN_CONSTANT_CONVERSION = YES;
				CLANG_WARN_DEPRECATED_OBJC_IMPLEMENTATIONS = YES;
				CLANG_WARN_DIRECT_OBJC_ISA_USAGE = YES_ERROR;
				CLANG_WARN_DOCUMENTATION_COMMENTS = YES;
				CLANG_WARN_EMPTY_BODY = YES;
				CLANG_WARN_ENUM_CONVERSION = YES;
				CLANG_WARN_INFINITE_RECURSION = YES;
				CLANG_WARN_INT_CONVERSION = YES;
				CLANG_WARN_NON_LITERAL_NULL_CONVERSION = YES;
				CLANG_WARN_OBJC_IMPLICIT_RETAIN_SELF = YES;
				CLANG_WARN_OBJC_LITERAL_CONVERSION = YES;
				CLANG_WARN_OBJC_ROOT_CLASS = YES_ERROR;
				CLANG_WARN_QUOTED_INCLUDE_IN_FRAMEWORK_HEADER = YES;
				CLANG_WARN_RANGE_LOOP_ANALYSIS = YES;
				CLANG_WARN_STRICT_PROTOTYPES = YES;
				CLANG_WARN_SUSPICIOUS_MOVE = YES;
				CLANG_WARN_UNGUARDED_AVAILABILITY = YES_AGGRESSIVE;
				CLANG_WARN_UNREACHABLE_CODE = YES;
				CLANG_WARN__DUPLICATE_METHOD_MATCH = YES;
				COPY_PHASE_STRIP = NO;
				DEBUG_INFORMATION_FORMAT = dwarf;
				ENABLE_STRICT_OBJC_MSGSEND = YES;
				ENABLE_TESTABILITY = YES;
				GCC_C_LANGUAGE_STANDARD = gnu11;
				GCC_DYNAMIC_NO_PIC = NO;
				GCC_NO_COMMON_BLOCKS = YES;
				GCC_OPTIMIZATION_LEVEL = 0;
				GCC_PREPROCESSOR_DEFINITIONS = (
					"DEBUG=1",
					"$(inherited)",
				);
				GCC_WARN_64_TO_32_BIT_CONVERSION = YES;
				GCC_WARN_ABOUT_RETURN_TYPE = YES_ERROR;
				GCC_WARN_UNDECLARED_SELECTOR = YES;
				GCC_WARN_UNINITIALIZED_AUTOS = YES_AGGRESSIVE;
				GCC_WARN_UNUSED_FUNCTION = YES;
				GCC_WARN_UNUSED_VARIABLE = YES;
				IPHONEOS_DEPLOYMENT_TARGET = 16.2;
				MTL_ENABLE_DEBUG_INFO = INCLUDE_SOURCE;
				MTL_FAST_MATH = YES;
				ONLY_ACTIVE_ARCH = YES;
				SDKROOT = iphoneos;
				SWIFT_ACTIVE_COMPILATION_CONDITIONS = DEBUG;
				SWIFT_OPTIMIZATION_LEVEL = "-Onone";
			};
			name = Debug;
		};
		047975D529A58F0400DA9AB6 /* Release */ = {
			isa = XCBuildConfiguration;
			buildSettings = {
				ALWAYS_SEARCH_USER_PATHS = NO;
				CLANG_ANALYZER_NONNULL = YES;
				CLANG_ANALYZER_NUMBER_OBJECT_CONVERSION = YES_AGGRESSIVE;
				CLANG_CXX_LANGUAGE_STANDARD = "gnu++20";
				CLANG_ENABLE_MODULES = YES;
				CLANG_ENABLE_OBJC_ARC = YES;
				CLANG_ENABLE_OBJC_WEAK = YES;
				CLANG_WARN_BLOCK_CAPTURE_AUTORELEASING = YES;
				CLANG_WARN_BOOL_CONVERSION = YES;
				CLANG_WARN_COMMA = YES;
				CLANG_WARN_CONSTANT_CONVERSION = YES;
				CLANG_WARN_DEPRECATED_OBJC_IMPLEMENTATIONS = YES;
				CLANG_WARN_DIRECT_OBJC_ISA_USAGE = YES_ERROR;
				CLANG_WARN_DOCUMENTATION_COMMENTS = YES;
				CLANG_WARN_EMPTY_BODY = YES;
				CLANG_WARN_ENUM_CONVERSION = YES;
				CLANG_WARN_INFINITE_RECURSION = YES;
				CLANG_WARN_INT_CONVERSION = YES;
				CLANG_WARN_NON_LITERAL_NULL_CONVERSION = YES;
				CLANG_WARN_OBJC_IMPLICIT_RETAIN_SELF = YES;
				CLANG_WARN_OBJC_LITERAL_CONVERSION = YES;
				CLANG_WARN_OBJC_ROOT_CLASS = YES_ERROR;
				CLANG_WARN_QUOTED_INCLUDE_IN_FRAMEWORK_HEADER = YES;
				CLANG_WARN_RANGE_LOOP_ANALYSIS = YES;
				CLANG_WARN_STRICT_PROTOTYPES = YES;
				CLANG_WARN_SUSPICIOUS_MOVE = YES;
				CLANG_WARN_UNGUARDED_AVAILABILITY = YES_AGGRESSIVE;
				CLANG_WARN_UNREACHABLE_CODE = YES;
				CLANG_WARN__DUPLICATE_METHOD_MATCH = YES;
				COPY_PHASE_STRIP = NO;
				DEBUG_INFORMATION_FORMAT = "dwarf-with-dsym";
				ENABLE_NS_ASSERTIONS = NO;
				ENABLE_STRICT_OBJC_MSGSEND = YES;
				GCC_C_LANGUAGE_STANDARD = gnu11;
				GCC_NO_COMMON_BLOCKS = YES;
				GCC_WARN_64_TO_32_BIT_CONVERSION = YES;
				GCC_WARN_ABOUT_RETURN_TYPE = YES_ERROR;
				GCC_WARN_UNDECLARED_SELECTOR = YES;
				GCC_WARN_UNINITIALIZED_AUTOS = YES_AGGRESSIVE;
				GCC_WARN_UNUSED_FUNCTION = YES;
				GCC_WARN_UNUSED_VARIABLE = YES;
				IPHONEOS_DEPLOYMENT_TARGET = 16.2;
				MTL_ENABLE_DEBUG_INFO = NO;
				MTL_FAST_MATH = YES;
				SDKROOT = iphoneos;
				SWIFT_COMPILATION_MODE = wholemodule;
				SWIFT_OPTIMIZATION_LEVEL = "-O";
				VALIDATE_PRODUCT = YES;
			};
			name = Release;
		};
		047975D729A58F0400DA9AB6 /* Debug */ = {
			isa = XCBuildConfiguration;
			buildSettings = {
				ASSETCATALOG_COMPILER_APPICON_NAME = AppIcon;
				ASSETCATALOG_COMPILER_GLOBAL_ACCENT_COLOR_NAME = AccentColor;
				CODE_SIGN_STYLE = Automatic;
				CURRENT_PROJECT_VERSION = 1;
				DEVELOPMENT_ASSET_PATHS = "\"MarsExplorer/Preview Content\"";
				DEVELOPMENT_TEAM = 9N86628KP4;
				ENABLE_PREVIEWS = YES;
				GENERATE_INFOPLIST_FILE = YES;
				INFOPLIST_KEY_UIApplicationSceneManifest_Generation = YES;
				INFOPLIST_KEY_UIApplicationSupportsIndirectInputEvents = YES;
				INFOPLIST_KEY_UILaunchScreen_Generation = YES;
				INFOPLIST_KEY_UISupportedInterfaceOrientations_iPad = "UIInterfaceOrientationPortrait UIInterfaceOrientationPortraitUpsideDown UIInterfaceOrientationLandscapeLeft UIInterfaceOrientationLandscapeRight";
				INFOPLIST_KEY_UISupportedInterfaceOrientations_iPhone = "UIInterfaceOrientationPortrait UIInterfaceOrientationLandscapeLeft UIInterfaceOrientationLandscapeRight";
				LD_RUNPATH_SEARCH_PATHS = (
					"$(inherited)",
					"@executable_path/Frameworks",
				);
				MARKETING_VERSION = 1.0;
				PRODUCT_BUNDLE_IDENTIFIER = com.MuhammedKocabas.MarsExplorer;
				PRODUCT_NAME = "$(TARGET_NAME)";
				SWIFT_EMIT_LOC_STRINGS = YES;
				SWIFT_VERSION = 5.0;
				TARGETED_DEVICE_FAMILY = "1,2";
			};
			name = Debug;
		};
		047975D829A58F0400DA9AB6 /* Release */ = {
			isa = XCBuildConfiguration;
			buildSettings = {
				ASSETCATALOG_COMPILER_APPICON_NAME = AppIcon;
				ASSETCATALOG_COMPILER_GLOBAL_ACCENT_COLOR_NAME = AccentColor;
				CODE_SIGN_STYLE = Automatic;
				CURRENT_PROJECT_VERSION = 1;
				DEVELOPMENT_ASSET_PATHS = "\"MarsExplorer/Preview Content\"";
				DEVELOPMENT_TEAM = 9N86628KP4;
				ENABLE_PREVIEWS = YES;
				GENERATE_INFOPLIST_FILE = YES;
				INFOPLIST_KEY_UIApplicationSceneManifest_Generation = YES;
				INFOPLIST_KEY_UIApplicationSupportsIndirectInputEvents = YES;
				INFOPLIST_KEY_UILaunchScreen_Generation = YES;
				INFOPLIST_KEY_UISupportedInterfaceOrientations_iPad = "UIInterfaceOrientationPortrait UIInterfaceOrientationPortraitUpsideDown UIInterfaceOrientationLandscapeLeft UIInterfaceOrientationLandscapeRight";
				INFOPLIST_KEY_UISupportedInterfaceOrientations_iPhone = "UIInterfaceOrientationPortrait UIInterfaceOrientationLandscapeLeft UIInterfaceOrientationLandscapeRight";
				LD_RUNPATH_SEARCH_PATHS = (
					"$(inherited)",
					"@executable_path/Frameworks",
				);
				MARKETING_VERSION = 1.0;
				PRODUCT_BUNDLE_IDENTIFIER = com.MuhammedKocabas.MarsExplorer;
				PRODUCT_NAME = "$(TARGET_NAME)";
				SWIFT_EMIT_LOC_STRINGS = YES;
				SWIFT_VERSION = 5.0;
				TARGETED_DEVICE_FAMILY = "1,2";
			};
			name = Release;
		};
		047975DA29A58F0400DA9AB6 /* Debug */ = {
			isa = XCBuildConfiguration;
			buildSettings = {
				ALWAYS_EMBED_SWIFT_STANDARD_LIBRARIES = YES;
				BUNDLE_LOADER = "$(TEST_HOST)";
				CODE_SIGN_STYLE = Automatic;
				CURRENT_PROJECT_VERSION = 1;
				DEVELOPMENT_TEAM = 9N86628KP4;
				GENERATE_INFOPLIST_FILE = YES;
				IPHONEOS_DEPLOYMENT_TARGET = 16.2;
				MARKETING_VERSION = 1.0;
				PRODUCT_BUNDLE_IDENTIFIER = com.MuhammedKocabas.MarsExplorerTests;
				PRODUCT_NAME = "$(TARGET_NAME)";
				SWIFT_EMIT_LOC_STRINGS = NO;
				SWIFT_VERSION = 5.0;
				TARGETED_DEVICE_FAMILY = "1,2";
				TEST_HOST = "$(BUILT_PRODUCTS_DIR)/MarsExplorer.app/$(BUNDLE_EXECUTABLE_FOLDER_PATH)/MarsExplorer";
			};
			name = Debug;
		};
		047975DB29A58F0400DA9AB6 /* Release */ = {
			isa = XCBuildConfiguration;
			buildSettings = {
				ALWAYS_EMBED_SWIFT_STANDARD_LIBRARIES = YES;
				BUNDLE_LOADER = "$(TEST_HOST)";
				CODE_SIGN_STYLE = Automatic;
				CURRENT_PROJECT_VERSION = 1;
				DEVELOPMENT_TEAM = 9N86628KP4;
				GENERATE_INFOPLIST_FILE = YES;
				IPHONEOS_DEPLOYMENT_TARGET = 16.2;
				MARKETING_VERSION = 1.0;
				PRODUCT_BUNDLE_IDENTIFIER = com.MuhammedKocabas.MarsExplorerTests;
				PRODUCT_NAME = "$(TARGET_NAME)";
				SWIFT_EMIT_LOC_STRINGS = NO;
				SWIFT_VERSION = 5.0;
				TARGETED_DEVICE_FAMILY = "1,2";
				TEST_HOST = "$(BUILT_PRODUCTS_DIR)/MarsExplorer.app/$(BUNDLE_EXECUTABLE_FOLDER_PATH)/MarsExplorer";
			};
			name = Release;
		};
		047975DD29A58F0400DA9AB6 /* Debug */ = {
			isa = XCBuildConfiguration;
			buildSettings = {
				ALWAYS_EMBED_SWIFT_STANDARD_LIBRARIES = YES;
				CODE_SIGN_STYLE = Automatic;
				CURRENT_PROJECT_VERSION = 1;
				DEVELOPMENT_TEAM = 9N86628KP4;
				GENERATE_INFOPLIST_FILE = YES;
				MARKETING_VERSION = 1.0;
				PRODUCT_BUNDLE_IDENTIFIER = com.MuhammedKocabas.MarsExplorerUITests;
				PRODUCT_NAME = "$(TARGET_NAME)";
				SWIFT_EMIT_LOC_STRINGS = NO;
				SWIFT_VERSION = 5.0;
				TARGETED_DEVICE_FAMILY = "1,2";
				TEST_TARGET_NAME = MarsExplorer;
			};
			name = Debug;
		};
		047975DE29A58F0400DA9AB6 /* Release */ = {
			isa = XCBuildConfiguration;
			buildSettings = {
				ALWAYS_EMBED_SWIFT_STANDARD_LIBRARIES = YES;
				CODE_SIGN_STYLE = Automatic;
				CURRENT_PROJECT_VERSION = 1;
				DEVELOPMENT_TEAM = 9N86628KP4;
				GENERATE_INFOPLIST_FILE = YES;
				MARKETING_VERSION = 1.0;
				PRODUCT_BUNDLE_IDENTIFIER = com.MuhammedKocabas.MarsExplorerUITests;
				PRODUCT_NAME = "$(TARGET_NAME)";
				SWIFT_EMIT_LOC_STRINGS = NO;
				SWIFT_VERSION = 5.0;
				TARGETED_DEVICE_FAMILY = "1,2";
				TEST_TARGET_NAME = MarsExplorer;
			};
			name = Release;
		};
/* End XCBuildConfiguration section */

/* Begin XCConfigurationList section */
		047975A829A58F0300DA9AB6 /* Build configuration list for PBXProject "MarsExplorer" */ = {
			isa = XCConfigurationList;
			buildConfigurations = (
				047975D429A58F0400DA9AB6 /* Debug */,
				047975D529A58F0400DA9AB6 /* Release */,
			);
			defaultConfigurationIsVisible = 0;
			defaultConfigurationName = Release;
		};
		047975D629A58F0400DA9AB6 /* Build configuration list for PBXNativeTarget "MarsExplorer" */ = {
			isa = XCConfigurationList;
			buildConfigurations = (
				047975D729A58F0400DA9AB6 /* Debug */,
				047975D829A58F0400DA9AB6 /* Release */,
			);
			defaultConfigurationIsVisible = 0;
			defaultConfigurationName = Release;
		};
		047975D929A58F0400DA9AB6 /* Build configuration list for PBXNativeTarget "MarsExplorerTests" */ = {
			isa = XCConfigurationList;
			buildConfigurations = (
				047975DA29A58F0400DA9AB6 /* Debug */,
				047975DB29A58F0400DA9AB6 /* Release */,
			);
			defaultConfigurationIsVisible = 0;
			defaultConfigurationName = Release;
		};
		047975DC29A58F0400DA9AB6 /* Build configuration list for PBXNativeTarget "MarsExplorerUITests" */ = {
			isa = XCConfigurationList;
			buildConfigurations = (
				047975DD29A58F0400DA9AB6 /* Debug */,
				047975DE29A58F0400DA9AB6 /* Release */,
			);
			defaultConfigurationIsVisible = 0;
			defaultConfigurationName = Release;
		};
/* End XCConfigurationList section */

/* Begin XCVersionGroup section */
		047975BB29A58F0300DA9AB6 /* MarsExplorer.xcdatamodeld */ = {
			isa = XCVersionGroup;
			children = (
				047975BC29A58F0300DA9AB6 /* MarsExplorer.xcdatamodel */,
			);
			currentVersion = 047975BC29A58F0300DA9AB6 /* MarsExplorer.xcdatamodel */;
			path = MarsExplorer.xcdatamodeld;
			sourceTree = "<group>";
			versionGroupType = wrapper.xcdatamodel;
		};
/* End XCVersionGroup section */
	};
	rootObject = 047975A529A58F0300DA9AB6 /* Project object */;
}
